{
  "originHash" : "ddacadab9eb831dbfed5ec98e3afd6b10eb348257be7bd9f95cfeb39fbdd6ac1",
  "pins" : [
    {
      "identity" : "buttondownkit",
      "kind" : "remoteSourceControl",
      "location" : "https://github.com/brightdigit/ButtondownKit.git",
      "state" : {
        "branch" : "v1.0.0",
        "revision" : "b51bfb2595eae177c041373bb6979fc4bd1f8df0"
      }
    },
    {
      "identity" : "configkeykit",
      "kind" : "remoteSourceControl",
      "location" : "https://github.com/brightdigit/ConfigKeyKit.git",
      "state" : {
        "revision" : "6949abb4b7f3e50f7f81d668e6c11aa4721e97fd",
        "version" : "1.0.0-beta.2"
      }
    },
    {
      "identity" : "contribute",
      "kind" : "remoteSourceControl",
      "location" : "https://github.com/brightdigit/Contribute.git",
      "state" : {
        "branch" : "v1.0.0",
        "revision" : "8ce20abb3e058fdeb2aa6f123f56897fc18ddf78"
      }
    },
    {
      "identity" : "contributebuttondown",
      "kind" : "remoteSourceControl",
      "location" : "https://github.com/brightdigit/ContributeButtondown.git",
      "state" : {
        "branch" : "brightdigit-com-260717",
        "revision" : "49e38583fe6c78208ec59f4283bf881f5189e198"
      }
    },
    {
      "identity" : "contributemailchimp",
      "kind" : "remoteSourceControl",
      "location" : "https://github.com/brightdigit/ContributeMailchimp.git",
      "state" : {
        "branch" : "brightdigit-com-260717",
        "revision" : "48b93b900ddce90937d35c31bbe99f232a2836d8"
      }
    },
    {
      "identity" : "contributerss",
      "kind" : "remoteSourceControl",
      "location" : "https://github.com/brightdigit/ContributeRSS.git",
      "state" : {
        "branch" : "brightdigit-com-260717",
        "revision" : "89ac767a201a2838ecbeeb900ade69d2cfc2f71d"
      }
    },
    {
      "identity" : "contributewordpress",
      "kind" : "remoteSourceControl",
      "location" : "https://github.com/brightdigit/ContributeWordPress.git",
      "state" : {
        "branch" : "brightdigit-com-260406",
        "revision" : "eafbb5306cc59d5ac94179f3df5e22525fdadaf1"
      }
    },
    {
      "identity" : "contributeyoutube",
      "kind" : "remoteSourceControl",
      "location" : "https://github.com/brightdigit/ContributeYouTube.git",
      "state" : {
        "branch" : "brightdigit-com-260717",
        "revision" : "2ef53df7cb5772d98561456078094aee035b7145"
      }
    },
    {
      "identity" : "files",
      "kind" : "remoteSourceControl",
      "location" : "https://github.com/brightdigit/Files.git",
      "state" : {
        "branch" : "v1.0.0",
        "revision" : "c48be64a7eca469a9c23ba83ebbc0a1ab7611401"
      }
    },
    {
      "identity" : "ink",
      "kind" : "remoteSourceControl",
      "location" : "https://github.com/brightdigit/Ink.git",
      "state" : {
        "branch" : "v1.0.0",
        "revision" : "cf0afeb1685d23d3f4d5845289621315a5a2f272"
      }
    },
    {
      "identity" : "npmpublishplugin",
      "kind" : "remoteSourceControl",
      "location" : "https://github.com/brightdigit/NPMPublishPlugin.git",
      "state" : {
        "branch" : "brightdigit-com-260406",
        "revision" : "89b781ad8c29e64e36dca74db7406fb3a509b0f9"
      }
    },
    {
      "identity" : "plot",
      "kind" : "remoteSourceControl",
      "location" : "https://github.com/brightdigit/Plot.git",
      "state" : {
        "branch" : "v1.0.0",
        "revision" : "9a9d6cc3cf95f9f153cde8eacacb60746eda03f6"
      }
    },
    {
      "identity" : "publish",
      "kind" : "remoteSourceControl",
      "location" : "https://github.com/brightdigit/Publish.git",
      "state" : {
        "branch" : "brightdigit-com-260406",
        "revision" : "1ce5235dad2bb8a8e64461b8237dc013345be290"
      }
    },
    {
      "identity" : "publishtype",
      "kind" : "remoteSourceControl",
      "location" : "https://github.com/brightdigit/PublishType.git",
      "state" : {
        "branch" : "brightdigit-com-260717",
        "revision" : "8d14703a537982498c3568897c610189f395b75d"
      }
    },
    {
      "identity" : "readingtimepublishplugin",
      "kind" : "remoteSourceControl",
      "location" : "https://github.com/brightdigit/ReadingTimePublishPlugin.git",
      "state" : {
        "branch" : "brightdigit-com-260406",
        "revision" : "104dfe7e6cd4ffb33610a2a176bb90d80a583161"
      }
    },
    {
      "identity" : "spinetail",
      "kind" : "remoteSourceControl",
      "location" : "https://github.com/brightdigit/Spinetail.git",
      "state" : {
        "branch" : "v1.0.0",
        "revision" : "d8c50ab109c61b73b564c891f17cec45184ff407"
      }
    },
    {
      "identity" : "swift-async-algorithms",
      "kind" : "remoteSourceControl",
      "location" : "https://github.com/apple/swift-async-algorithms.git",
      "state" : {
        "revision" : "d0b4a06d0f173a2f3be27d3ea21b3c3aa18db440",
        "version" : "1.1.4"
      }
    },
    {
      "identity" : "swift-cmark",
      "kind" : "remoteSourceControl",
      "location" : "https://github.com/swiftlang/swift-cmark.git",
      "state" : {
        "branch" : "gfm",
        "revision" : "0101bf2c6ff6a218f93150f340fe5ccf76d9f3aa"
      }
    },
    {
      "identity" : "swift-collections",
      "kind" : "remoteSourceControl",
      "location" : "https://github.com/apple/swift-collections",
      "state" : {
        "revision" : "a0cb0954ecb21e4e31b0070e6ed5674e8556685a",
        "version" : "1.6.0"
      }
    },
    {
      "identity" : "swift-configuration",
      "kind" : "remoteSourceControl",
      "location" : "https://github.com/apple/swift-configuration",
      "state" : {
        "revision" : "be76c4ad929eb6c4bcaf3351799f2adf9e6848a9",
        "version" : "1.2.0"
      }
    },
    {
      "identity" : "swift-http-types",
      "kind" : "remoteSourceControl",
      "location" : "https://github.com/apple/swift-http-types",
      "state" : {
        "revision" : "db774a277f60063a32d854f2980299caf06da041",
        "version" : "1.6.0"
      }
    },
    {
      "identity" : "swift-log",
      "kind" : "remoteSourceControl",
      "location" : "https://github.com/apple/swift-log.git",
      "state" : {
        "revision" : "92448c359f00ebe36ae97d3bd9086f13c7692b5a",
        "version" : "1.13.2"
      }
    },
    {
      "identity" : "swift-markdown",
      "kind" : "remoteSourceControl",
      "location" : "https://github.com/swiftlang/swift-markdown.git",
      "state" : {
        "branch" : "main",
        "revision" : "4661b550c55abde97d14e35b89e094084669f40a"
      }
    },
    {
      "identity" : "swift-openapi-runtime",
      "kind" : "remoteSourceControl",
      "location" : "https://github.com/apple/swift-openapi-runtime",
      "state" : {
        "revision" : "3d3a8457661daf7fb260ceeb9f0e24e5204ba5fb",
        "version" : "1.12.0"
      }
    },
    {
      "identity" : "swift-openapi-urlsession",
      "kind" : "remoteSourceControl",
      "location" : "https://github.com/apple/swift-openapi-urlsession",
      "state" : {
        "revision" : "08796d36c99ad2318929bfa1d1e40f82194b65cc",
        "version" : "1.3.1"
      }
    },
    {
      "identity" : "swift-service-lifecycle",
      "kind" : "remoteSourceControl",
      "location" : "https://github.com/swift-server/swift-service-lifecycle",
      "state" : {
        "revision" : "9829955b385e5bb88128b73f1b8389e9b9c3191a",
        "version" : "2.11.0"
      }
    },
    {
      "identity" : "swift-subprocess",
      "kind" : "remoteSourceControl",
      "location" : "https://github.com/swiftlang/swift-subprocess.git",
      "state" : {
        "revision" : "13d087685b95d64d6aac9b94500d347bbe84c39b",
        "version" : "0.4.0"
      }
    },
    {
      "identity" : "swift-system",
      "kind" : "remoteSourceControl",
      "location" : "https://github.com/apple/swift-system",
      "state" : {
        "revision" : "7502b711c92a17741fa625d722b0ccbd595d8ed1",
        "version" : "1.7.2"
      }
    },
    {
      "identity" : "swiftsoup",
      "kind" : "remoteSourceControl",
      "location" : "https://github.com/brightdigit/SwiftSoup.git",
      "state" : {
        "branch" : "fix/swift-6.4-inline-crash",
        "revision" : "5d5d9ec29b5ba0b046944f9ad3ff668bb4996e08"
      }
    },
    {
      "identity" : "swifttube",
      "kind" : "remoteSourceControl",
      "location" : "https://github.com/brightdigit/SwiftTube.git",
      "state" : {
        "branch" : "v1.0.0",
        "revision" : "59c207e1947336132421c024b59e78573a4ee29c"
      }
    },
    {
      "identity" : "syndikit",
      "kind" : "remoteSourceControl",
      "location" : "https://github.com/brightdigit/SyndiKit.git",
      "state" : {
        "branch" : "v1.0.0",
        "revision" : "e76b2d3461a7a6cfef2f40c821627eb041dbf840"
      }
    },
    {
      "identity" : "tailwindkit",
      "kind" : "remoteSourceControl",
      "location" : "https://github.com/brightdigit/TailwindKit.git",
      "state" : {
        "branch" : "brightdigit-com-260717",
        "revision" : "6a67d797251a1ea562d965de3248d635dd42b10b"
      }
    },
    {
      "identity" : "transistorpublishplugin",
      "kind" : "remoteSourceControl",
      "location" : "https://github.com/brightdigit/TransistorPublishPlugin.git",
      "state" : {
        "branch" : "brightdigit-com-260406",
        "revision" : "028eac7b01f0ec78b2cac54556b740f103fd5795"
      }
    },
    {
      "identity" : "xmlcoder",
      "kind" : "remoteSourceControl",
      "location" : "https://github.com/CoreOffice/XMLCoder",
      "state" : {
        "revision" : "42f62383dbcd074440cb1f6a750b9c02df9e7325",
        "version" : "0.18.2"
      }
    },
    {
      "identity" : "yams",
      "kind" : "remoteSourceControl",
      "location" : "https://github.com/jpsim/Yams.git",
      "state" : {
        "revision" : "a27b21e0c81c5bf42049b897a62aaf387e80f279",
        "version" : "6.2.2"
      }
    },
    {
      "identity" : "youtubepublishplugin",
      "kind" : "remoteSourceControl",
      "location" : "https://github.com/brightdigit/YoutubePublishPlugin.git",
      "state" : {
        "branch" : "brightdigit-com-260406",
        "revision" : "e53a80d4f59ab8bbd76c573d6274d2025a4e8cf1"
      }
    }
  ],
  "version" : 3
}
