{
  "originHash" : "9aa15e25b7b63c277b1f263db55e5dcfc1159b5d74d05c3ba5d7c2ce4e4a2997",
  "pins" : [
    {
      "identity" : "buttondownkit",
      "kind" : "remoteSourceControl",
      "location" : "https://github.com/brightdigit/ButtondownKit.git",
      "state" : {
        "branch" : "main",
        "revision" : "55f7723f9fc420d561db2752e4ef92cf6893bd7d"
      }
    },
    {
      "identity" : "configkeykit",
      "kind" : "remoteSourceControl",
      "location" : "https://github.com/brightdigit/ConfigKeyKit.git",
      "state" : {
        "revision" : "6949abb4b7f3e50f7f81d668e6c11aa4721e97fd",
        "version" : "1.0.0-beta.2"
      }
    },
    {
      "identity" : "contribute",
      "kind" : "remoteSourceControl",
      "location" : "https://github.com/brightdigit/Contribute.git",
      "state" : {
        "branch" : "main",
        "revision" : "2d346bd9e2c82630839dcaba2481da0633896b8c"
      }
    },
    {
      "identity" : "contributebuttondown",
      "kind" : "remoteSourceControl",
      "location" : "https://github.com/brightdigit/ContributeButtondown.git",
      "state" : {
        "branch" : "brightdigit-com-260717",
        "revision" : "65907c6d9a9a54c6cb55a2d163741daf4db99e75"
      }
    },
    {
      "identity" : "contributemailchimp",
      "kind" : "remoteSourceControl",
      "location" : "https://github.com/brightdigit/ContributeMailchimp.git",
      "state" : {
        "branch" : "brightdigit-com-260717",
        "revision" : "8f57fd127be3f9fb7b8a11058a5faadfbf01a862"
      }
    },
    {
      "identity" : "contributerss",
      "kind" : "remoteSourceControl",
      "location" : "https://github.com/brightdigit/ContributeRSS.git",
      "state" : {
        "branch" : "brightdigit-com-260717",
        "revision" : "a4074407864bb14e4803bfc4ea0b9e9334cc5336"
      }
    },
    {
      "identity" : "contributewordpress",
      "kind" : "remoteSourceControl",
      "location" : "https://github.com/brightdigit/ContributeWordPress.git",
      "state" : {
        "branch" : "brightdigit-com-260406",
        "revision" : "b1658cba901166234171239c898ad076963ba7ca"
      }
    },
    {
      "identity" : "contributeyoutube",
      "kind" : "remoteSourceControl",
      "location" : "https://github.com/brightdigit/ContributeYouTube.git",
      "state" : {
        "branch" : "brightdigit-com-260717",
        "revision" : "0f2abf46f248d2c5a9050256e6e4d49f9823be75"
      }
    },
    {
      "identity" : "files",
      "kind" : "remoteSourceControl",
      "location" : "https://github.com/brightdigit/Files.git",
      "state" : {
        "branch" : "main",
        "revision" : "923a4c9ec51384583ec15b21b3196e784a1c0b81"
      }
    },
    {
      "identity" : "ink",
      "kind" : "remoteSourceControl",
      "location" : "https://github.com/brightdigit/Ink.git",
      "state" : {
        "branch" : "main",
        "revision" : "775a97078469706f76a91f9507c209079c25f2e5"
      }
    },
    {
      "identity" : "npmpublishplugin",
      "kind" : "remoteSourceControl",
      "location" : "https://github.com/brightdigit/NPMPublishPlugin.git",
      "state" : {
        "branch" : "brightdigit-com-260406",
        "revision" : "89b781ad8c29e64e36dca74db7406fb3a509b0f9"
      }
    },
    {
      "identity" : "plot",
      "kind" : "remoteSourceControl",
      "location" : "https://github.com/brightdigit/Plot.git",
      "state" : {
        "branch" : "main",
        "revision" : "793bca83340d09694f5207660a9e319079185131"
      }
    },
    {
      "identity" : "publish",
      "kind" : "remoteSourceControl",
      "location" : "https://github.com/brightdigit/Publish.git",
      "state" : {
        "branch" : "brightdigit-com-260406",
        "revision" : "b90b75b160cbec318640e50d2e19f92ab4bb4514"
      }
    },
    {
      "identity" : "publishtype",
      "kind" : "remoteSourceControl",
      "location" : "https://github.com/brightdigit/PublishType.git",
      "state" : {
        "branch" : "brightdigit-com-260717",
        "revision" : "8d14703a537982498c3568897c610189f395b75d"
      }
    },
    {
      "identity" : "readingtimepublishplugin",
      "kind" : "remoteSourceControl",
      "location" : "https://github.com/brightdigit/ReadingTimePublishPlugin.git",
      "state" : {
        "branch" : "brightdigit-com-260406",
        "revision" : "104dfe7e6cd4ffb33610a2a176bb90d80a583161"
      }
    },
    {
      "identity" : "spinetail",
      "kind" : "remoteSourceControl",
      "location" : "https://github.com/brightdigit/Spinetail.git",
      "state" : {
        "branch" : "main",
        "revision" : "672a61f320bdf1b7e149a54b662e0e6f5c0920ca"
      }
    },
    {
      "identity" : "swift-async-algorithms",
      "kind" : "remoteSourceControl",
      "location" : "https://github.com/apple/swift-async-algorithms.git",
      "state" : {
        "revision" : "3da39bbc4e687d4192af7c9cf4eab805745a0b9c",
        "version" : "1.1.5"
      }
    },
    {
      "identity" : "swift-cmark",
      "kind" : "remoteSourceControl",
      "location" : "https://github.com/swiftlang/swift-cmark.git",
      "state" : {
        "branch" : "gfm",
        "revision" : "0101bf2c6ff6a218f93150f340fe5ccf76d9f3aa"
      }
    },
    {
      "identity" : "swift-collections",
      "kind" : "remoteSourceControl",
      "location" : "https://github.com/apple/swift-collections",
      "state" : {
        "revision" : "a0cb0954ecb21e4e31b0070e6ed5674e8556685a",
        "version" : "1.6.0"
      }
    },
    {
      "identity" : "swift-configuration",
      "kind" : "remoteSourceControl",
      "location" : "https://github.com/apple/swift-configuration",
      "state" : {
        "revision" : "be76c4ad929eb6c4bcaf3351799f2adf9e6848a9",
        "version" : "1.2.0"
      }
    },
    {
      "identity" : "swift-http-types",
      "kind" : "remoteSourceControl",
      "location" : "https://github.com/apple/swift-http-types",
      "state" : {
        "revision" : "db774a277f60063a32d854f2980299caf06da041",
        "version" : "1.6.0"
      }
    },
    {
      "identity" : "swift-log",
      "kind" : "remoteSourceControl",
      "location" : "https://github.com/apple/swift-log.git",
      "state" : {
        "revision" : "a878e7f8f46cfc0e1125e565b5c08e7d5272dc9a",
        "version" : "1.14.0"
      }
    },
    {
      "identity" : "swift-markdown",
      "kind" : "remoteSourceControl",
      "location" : "https://github.com/swiftlang/swift-markdown.git",
      "state" : {
        "branch" : "main",
        "revision" : "27b7fc1a19068bcea3d2072db0ce86360d1400ed"
      }
    },
    {
      "identity" : "swift-openapi-runtime",
      "kind" : "remoteSourceControl",
      "location" : "https://github.com/apple/swift-openapi-runtime",
      "state" : {
        "revision" : "3d3a8457661daf7fb260ceeb9f0e24e5204ba5fb",
        "version" : "1.12.0"
      }
    },
    {
      "identity" : "swift-openapi-urlsession",
      "kind" : "remoteSourceControl",
      "location" : "https://github.com/apple/swift-openapi-urlsession",
      "state" : {
        "revision" : "08796d36c99ad2318929bfa1d1e40f82194b65cc",
        "version" : "1.3.1"
      }
    },
    {
      "identity" : "swift-service-lifecycle",
      "kind" : "remoteSourceControl",
      "location" : "https://github.com/swift-server/swift-service-lifecycle",
      "state" : {
        "revision" : "9829955b385e5bb88128b73f1b8389e9b9c3191a",
        "version" : "2.11.0"
      }
    },
    {
      "identity" : "swift-subprocess",
      "kind" : "remoteSourceControl",
      "location" : "https://github.com/swiftlang/swift-subprocess.git",
      "state" : {
        "revision" : "13d087685b95d64d6aac9b94500d347bbe84c39b",
        "version" : "0.4.0"
      }
    },
    {
      "identity" : "swift-system",
      "kind" : "remoteSourceControl",
      "location" : "https://github.com/apple/swift-system",
      "state" : {
        "revision" : "50688cacbd41d547e9eb9f7a213542340b7c442b",
        "version" : "1.7.5"
      }
    },
    {
      "identity" : "swiftsoup",
      "kind" : "remoteSourceControl",
      "location" : "https://github.com/brightdigit/SwiftSoup.git",
      "state" : {
        "branch" : "fix/swift-6.4-inline-crash",
        "revision" : "5d5d9ec29b5ba0b046944f9ad3ff668bb4996e08"
      }
    },
    {
      "identity" : "swifttube",
      "kind" : "remoteSourceControl",
      "location" : "https://github.com/brightdigit/SwiftTube.git",
      "state" : {
        "branch" : "main",
        "revision" : "e14840dbb174b238523641022efe0853e74f705d"
      }
    },
    {
      "identity" : "syndikit",
      "kind" : "remoteSourceControl",
      "location" : "https://github.com/brightdigit/SyndiKit.git",
      "state" : {
        "branch" : "main",
        "revision" : "ddec490dfc8be4cad7a2b805f454899e87643389"
      }
    },
    {
      "identity" : "tailwindkit",
      "kind" : "remoteSourceControl",
      "location" : "https://github.com/brightdigit/TailwindKit.git",
      "state" : {
        "branch" : "brightdigit-com-260717",
        "revision" : "4d1465cba042b8df56f752103f296cf6041a0df1"
      }
    },
    {
      "identity" : "transistorpublishplugin",
      "kind" : "remoteSourceControl",
      "location" : "https://github.com/brightdigit/TransistorPublishPlugin.git",
      "state" : {
        "branch" : "brightdigit-com-260406",
        "revision" : "1fbb15a3e512525453e5ac7fa77e9896c609c773"
      }
    },
    {
      "identity" : "xmlcoder",
      "kind" : "remoteSourceControl",
      "location" : "https://github.com/CoreOffice/XMLCoder",
      "state" : {
        "revision" : "42f62383dbcd074440cb1f6a750b9c02df9e7325",
        "version" : "0.18.2"
      }
    },
    {
      "identity" : "yams",
      "kind" : "remoteSourceControl",
      "location" : "https://github.com/jpsim/Yams.git",
      "state" : {
        "revision" : "a27b21e0c81c5bf42049b897a62aaf387e80f279",
        "version" : "6.2.2"
      }
    },
    {
      "identity" : "youtubepublishplugin",
      "kind" : "remoteSourceControl",
      "location" : "https://github.com/brightdigit/YoutubePublishPlugin.git",
      "state" : {
        "branch" : "brightdigit-com-260406",
        "revision" : "e53a80d4f59ab8bbd76c573d6274d2025a4e8cf1"
      }
    }
  ],
  "version" : 3
}
