{
  "originHash" : "0da454f7bd073c6f89c9f69d5558b0ac0b30aaf6211b58b0e03c83bc99c750cf",
  "pins" : [
    {
      "identity" : "buttondownkit",
      "kind" : "remoteSourceControl",
      "location" : "https://github.com/brightdigit/ButtondownKit.git",
      "state" : {
        "branch" : "main",
        "revision" : "55f7723f9fc420d561db2752e4ef92cf6893bd7d"
      }
    },
    {
      "identity" : "configkeykit",
      "kind" : "remoteSourceControl",
      "location" : "https://github.com/brightdigit/ConfigKeyKit.git",
      "state" : {
        "revision" : "6949abb4b7f3e50f7f81d668e6c11aa4721e97fd",
        "version" : "1.0.0-beta.2"
      }
    },
    {
      "identity" : "contribute",
      "kind" : "remoteSourceControl",
      "location" : "https://github.com/brightdigit/Contribute.git",
      "state" : {
        "branch" : "main",
        "revision" : "2d346bd9e2c82630839dcaba2481da0633896b8c"
      }
    },
    {
      "identity" : "contributebuttondown",
      "kind" : "remoteSourceControl",
      "location" : "https://github.com/brightdigit/ContributeButtondown.git",
      "state" : {
        "branch" : "main",
        "revision" : "62ef181e5c61d1b8668e6fdc6e8373cf8779ba73"
      }
    },
    {
      "identity" : "contributemailchimp",
      "kind" : "remoteSourceControl",
      "location" : "https://github.com/brightdigit/ContributeMailchimp.git",
      "state" : {
        "branch" : "main",
        "revision" : "bbd8d930094abe49c618a4ccf3cb45a8b130ce80"
      }
    },
    {
      "identity" : "contributerss",
      "kind" : "remoteSourceControl",
      "location" : "https://github.com/brightdigit/ContributeRSS.git",
      "state" : {
        "branch" : "main",
        "revision" : "814a3f792f33dec3cb01a000f4d573342ec382f2"
      }
    },
    {
      "identity" : "contributewordpress",
      "kind" : "remoteSourceControl",
      "location" : "https://github.com/brightdigit/ContributeWordPress.git",
      "state" : {
        "branch" : "main",
        "revision" : "426247f626e4faa0040270b3a8ab690475f763b1"
      }
    },
    {
      "identity" : "contributeyoutube",
      "kind" : "remoteSourceControl",
      "location" : "https://github.com/brightdigit/ContributeYouTube.git",
      "state" : {
        "branch" : "main",
        "revision" : "5f4b5375c4de12020687e5b4265a42b2987f4fe6"
      }
    },
    {
      "identity" : "files",
      "kind" : "remoteSourceControl",
      "location" : "https://github.com/brightdigit/Files.git",
      "state" : {
        "branch" : "main",
        "revision" : "6638e7c3de269443e784b5fd60bf4f6a1f33e36e"
      }
    },
    {
      "identity" : "ink",
      "kind" : "remoteSourceControl",
      "location" : "https://github.com/brightdigit/Ink.git",
      "state" : {
        "branch" : "main",
        "revision" : "7f5072820db01c259b4470a6117e759358bcf986"
      }
    },
    {
      "identity" : "npmpublishplugin",
      "kind" : "remoteSourceControl",
      "location" : "https://github.com/brightdigit/NPMPublishPlugin.git",
      "state" : {
        "branch" : "brightdigit-com-260406",
        "revision" : "c804f13836a0cde7c3cfa9e65cec2005b50f1856"
      }
    },
    {
      "identity" : "plot",
      "kind" : "remoteSourceControl",
      "location" : "https://github.com/brightdigit/Plot.git",
      "state" : {
        "branch" : "main",
        "revision" : "e966c8779e955408d021a0b8be9c80a42b942ff2"
      }
    },
    {
      "identity" : "publish",
      "kind" : "remoteSourceControl",
      "location" : "https://github.com/brightdigit/Publish.git",
      "state" : {
        "branch" : "main",
        "revision" : "22229e1dd249e5c8e3b6bb0f981c0b45f6f73031"
      }
    },
    {
      "identity" : "publishtype",
      "kind" : "remoteSourceControl",
      "location" : "https://github.com/brightdigit/PublishType.git",
      "state" : {
        "branch" : "brightdigit-com-260717",
        "revision" : "cffea6a9b1b524a65f9608be01981894c7ed0c84"
      }
    },
    {
      "identity" : "readingtimepublishplugin",
      "kind" : "remoteSourceControl",
      "location" : "https://github.com/brightdigit/ReadingTimePublishPlugin.git",
      "state" : {
        "branch" : "brightdigit-com-260406",
        "revision" : "27bc0c6c303e8b70e56d5fd2c3bee709291e2e28"
      }
    },
    {
      "identity" : "spinetail",
      "kind" : "remoteSourceControl",
      "location" : "https://github.com/brightdigit/Spinetail.git",
      "state" : {
        "branch" : "main",
        "revision" : "baecd74f75eabc2def65917beb310d287a133c56"
      }
    },
    {
      "identity" : "swift-async-algorithms",
      "kind" : "remoteSourceControl",
      "location" : "https://github.com/apple/swift-async-algorithms.git",
      "state" : {
        "revision" : "3da39bbc4e687d4192af7c9cf4eab805745a0b9c",
        "version" : "1.1.5"
      }
    },
    {
      "identity" : "swift-cmark",
      "kind" : "remoteSourceControl",
      "location" : "https://github.com/swiftlang/swift-cmark.git",
      "state" : {
        "branch" : "gfm",
        "revision" : "0101bf2c6ff6a218f93150f340fe5ccf76d9f3aa"
      }
    },
    {
      "identity" : "swift-collections",
      "kind" : "remoteSourceControl",
      "location" : "https://github.com/apple/swift-collections",
      "state" : {
        "revision" : "a0cb0954ecb21e4e31b0070e6ed5674e8556685a",
        "version" : "1.6.0"
      }
    },
    {
      "identity" : "swift-configuration",
      "kind" : "remoteSourceControl",
      "location" : "https://github.com/apple/swift-configuration",
      "state" : {
        "revision" : "be76c4ad929eb6c4bcaf3351799f2adf9e6848a9",
        "version" : "1.2.0"
      }
    },
    {
      "identity" : "swift-http-types",
      "kind" : "remoteSourceControl",
      "location" : "https://github.com/apple/swift-http-types",
      "state" : {
        "revision" : "db774a277f60063a32d854f2980299caf06da041",
        "version" : "1.6.0"
      }
    },
    {
      "identity" : "swift-log",
      "kind" : "remoteSourceControl",
      "location" : "https://github.com/apple/swift-log.git",
      "state" : {
        "revision" : "a878e7f8f46cfc0e1125e565b5c08e7d5272dc9a",
        "version" : "1.14.0"
      }
    },
    {
      "identity" : "swift-markdown",
      "kind" : "remoteSourceControl",
      "location" : "https://github.com/swiftlang/swift-markdown.git",
      "state" : {
        "branch" : "main",
        "revision" : "27b7fc1a19068bcea3d2072db0ce86360d1400ed"
      }
    },
    {
      "identity" : "swift-openapi-runtime",
      "kind" : "remoteSourceControl",
      "location" : "https://github.com/apple/swift-openapi-runtime",
      "state" : {
        "revision" : "3d3a8457661daf7fb260ceeb9f0e24e5204ba5fb",
        "version" : "1.12.0"
      }
    },
    {
      "identity" : "swift-openapi-urlsession",
      "kind" : "remoteSourceControl",
      "location" : "https://github.com/apple/swift-openapi-urlsession",
      "state" : {
        "revision" : "08796d36c99ad2318929bfa1d1e40f82194b65cc",
        "version" : "1.3.1"
      }
    },
    {
      "identity" : "swift-service-lifecycle",
      "kind" : "remoteSourceControl",
      "location" : "https://github.com/swift-server/swift-service-lifecycle",
      "state" : {
        "revision" : "9829955b385e5bb88128b73f1b8389e9b9c3191a",
        "version" : "2.11.0"
      }
    },
    {
      "identity" : "swift-subprocess",
      "kind" : "remoteSourceControl",
      "location" : "https://github.com/swiftlang/swift-subprocess.git",
      "state" : {
        "revision" : "13d087685b95d64d6aac9b94500d347bbe84c39b",
        "version" : "0.4.0"
      }
    },
    {
      "identity" : "swift-system",
      "kind" : "remoteSourceControl",
      "location" : "https://github.com/apple/swift-system",
      "state" : {
        "revision" : "50688cacbd41d547e9eb9f7a213542340b7c442b",
        "version" : "1.7.5"
      }
    },
    {
      "identity" : "swiftsoup",
      "kind" : "remoteSourceControl",
      "location" : "https://github.com/brightdigit/SwiftSoup.git",
      "state" : {
        "branch" : "fix/swift-6.4-inline-crash",
        "revision" : "5d5d9ec29b5ba0b046944f9ad3ff668bb4996e08"
      }
    },
    {
      "identity" : "swifttube",
      "kind" : "remoteSourceControl",
      "location" : "https://github.com/brightdigit/SwiftTube.git",
      "state" : {
        "branch" : "main",
        "revision" : "cde2c7f5d5403e004618b3fdf5e032c1be0152f6"
      }
    },
    {
      "identity" : "syndikit",
      "kind" : "remoteSourceControl",
      "location" : "https://github.com/brightdigit/SyndiKit.git",
      "state" : {
        "branch" : "main",
        "revision" : "ddec490dfc8be4cad7a2b805f454899e87643389"
      }
    },
    {
      "identity" : "tailwindkit",
      "kind" : "remoteSourceControl",
      "location" : "https://github.com/brightdigit/TailwindKit.git",
      "state" : {
        "branch" : "main",
        "revision" : "20731db6cf033fc6d2c1e6f08eaff24bf842f064"
      }
    },
    {
      "identity" : "transistorpublishplugin",
      "kind" : "remoteSourceControl",
      "location" : "https://github.com/brightdigit/TransistorPublishPlugin.git",
      "state" : {
        "branch" : "brightdigit-com-260406",
        "revision" : "65ba23ead6ba0b663977d0db11b8bb12fe6f7166"
      }
    },
    {
      "identity" : "xmlcoder",
      "kind" : "remoteSourceControl",
      "location" : "https://github.com/CoreOffice/XMLCoder",
      "state" : {
        "revision" : "42f62383dbcd074440cb1f6a750b9c02df9e7325",
        "version" : "0.18.2"
      }
    },
    {
      "identity" : "yams",
      "kind" : "remoteSourceControl",
      "location" : "https://github.com/jpsim/Yams.git",
      "state" : {
        "revision" : "a27b21e0c81c5bf42049b897a62aaf387e80f279",
        "version" : "6.2.2"
      }
    },
    {
      "identity" : "youtubepublishplugin",
      "kind" : "remoteSourceControl",
      "location" : "https://github.com/brightdigit/YoutubePublishPlugin.git",
      "state" : {
        "branch" : "brightdigit-com-260406",
        "revision" : "dab8581d1b2e9a24cdc27ad7436f1262e2e4bf4a"
      }
    }
  ],
  "version" : 3
}
