{
  "originHash" : "72c3c806ec3c2e832221e5e4f63db7cfd7344652babc8d63af3dc984bbb08ade",
  "pins" : [
    {
      "identity" : "files",
      "kind" : "remoteSourceControl",
      "location" : "https://github.com/brightdigit/Files.git",
      "state" : {
        "revision" : "2983eb8104844a0e874bb375356e690e31d2716e"
      }
    },
    {
      "identity" : "ink",
      "kind" : "remoteSourceControl",
      "location" : "https://github.com/brightdigit/Ink.git",
      "state" : {
        "revision" : "443d80e352ec3cdd07eed54bd84a9789378d8665"
      }
    },
    {
      "identity" : "plot",
      "kind" : "remoteSourceControl",
      "location" : "https://github.com/brightdigit/Plot.git",
      "state" : {
        "revision" : "daa8daa44f8eb0a1865085ee0f36ca02aa16b7f4"
      }
    },
    {
      "identity" : "swift-cmark",
      "kind" : "remoteSourceControl",
      "location" : "https://github.com/swiftlang/swift-cmark.git",
      "state" : {
        "branch" : "gfm",
        "revision" : "0101bf2c6ff6a218f93150f340fe5ccf76d9f3aa"
      }
    },
    {
      "identity" : "swift-markdown",
      "kind" : "remoteSourceControl",
      "location" : "https://github.com/swiftlang/swift-markdown.git",
      "state" : {
        "branch" : "main",
        "revision" : "27b7fc1a19068bcea3d2072db0ce86360d1400ed"
      }
    }
  ],
  "version" : 3
}
